{
  "name": "discord-rbxm-to-lua-converter",
  "version": "1.0.0",
  "lockfileVersion": 3,
  "requires": true,
  "packages": {
    "": {
      "name": "discord-rbxm-to-lua-converter",
      "version": "1.0.0",
      "license": "MIT",
      "dependencies": {
        "discord.js": "^14.16.3",
        "xml2js": "^0.6.2"
      }
    },
    "node_modules/@discordjs/builders": {
      "version": "1.13.0",
      "resolved": "https://registry.npmjs.org/@discordjs/builders/-/builders-1.13.0.tgz",
      "integrity": "sha512-Z6fD5jIl7i1vZ8gCVe0ob6M4XdKXg5Zw8Vq1yX/6ywN1wJAdf1vZ4L0mR7T3mU3d2Fm9Icf0ZAZESwbaa7YrzqHg==",
      "dependencies": {
        "@discordjs/formatters": "^0.6.2",
        "@discordjs/util": "^1.2.0",
        "@sapphire/shapeshift": "^4.0.0",
        "discord-api-types": "0.38.34",
        "fast-deep-equal": "^3.1.3",
        "ts-mixer": "^6.0.4",
        "tslib": "^2.8.1"
      },
      "engines": {
        "node": ">=16.11.0"
      }
    },
    "node_modules/@discordjs/collection": {
      "version": "2.1.1",
      "resolved": "https://registry.npmjs.org/@discordjs/collection/-/collection-2.1.1.tgz",
      "integrity": "sha512-8m0nD9E6dokn6S6w4XwliMxeYSUfXNGMPy9cOwsfKCxY1Uq0R2hB4D/+c6swo7r6L6GKe33H/bT2HdkhW7a2xw==",
      "engines": {
        "node": ">=18"
      }
    },
    "node_modules/@discordjs/formatters": {
      "version": "0.6.2",
      "resolved": "https://registry.npmjs.org/@discordjs/formatters/-/formatters-0.6.2.tgz",
      "integrity": "sha512-89l+HP4bV/4h6jv0X5gqF3IUk4YIHcQb5iNh7G9Y9b+roo8mpjX9U3f8AmP3s7Z5v0M6x8gnk1O57Qh7r9l3Kw==",
      "dependencies": {
        "discord-api-types": "0.38.34"
      },
      "engines": {
        "node": ">=18"
      }
    },
    "node_modules/@discordjs/rest": {
      "version": "2.6.0",
      "resolved": "https://registry.npmjs.org/@discordjs/rest/-/rest-2.6.0.tgz",
      "integrity": "sha512-9i8mU9mS7I3fRqnT6F5QtcIkY3T5K6W5dGc3Xb5e4G8Nnl8lbhuygfktC/7mF9kpfT2tKdt3yWGd6ChW6oTYWA==",
      "dependencies": {
        "@discordjs/collection": "^2.1.1",
        "@discordjs/util": "^1.2.0",
        "@sapphire/async-queue": "^1.5.5",
        "@vladfrangu/async_event_emitter": "^2.4.7",
        "discord-api-types": "0.38.34",
        "magic-bytes.js": "^1.12.1",
        "tslib": "^2.8.1",
        "undici": "6.21.3"
      },
      "engines": {
        "node": ">=18"
      }
    },
    "node_modules/@discordjs/util": {
      "version": "1.2.0",
      "resolved": "https://registry.npmjs.org/@discordjs/util/-/util-1.2.0.tgz",
      "integrity": "sha512-9BskMoM1EeyvF5D7KIejak+1Bn6z4p6GLq9sL2x0/3cYNu6mZ5y5DVlx3f6D1ZzzqosmtgHb9j0tKgu4f9Mx9Q==",
      "engines": {
        "node": ">=18"
      }
    },
    "node_modules/@discordjs/ws": {
      "version": "1.2.0",
      "resolved": "https://registry.npmjs.org/@discordjs/ws/-/ws-1.2.0.tgz",
      "integrity": "sha512-1oLhcLuAm8B7U9y5kM9gZwTBJHG7vZW8W2mZMXm6q8xC5a7z0f2iYu7wxWA7f0qSfZ0pEcSRBSR8D1knctdXOQ==",
      "dependencies": {
        "@discordjs/collection": "^2.1.1",
        "@discordjs/rest": "^2.6.0",
        "@discordjs/util": "^1.2.0",
        "@sapphire/async-queue": "^1.5.5",
        "@vladfrangu/async_event_emitter": "^2.4.7",
        "discord-api-types": "0.38.34",
        "tslib": "^2.8.1",
        "undici": "6.21.3",
        "ws": "^8.18.3"
      },
      "engines": {
        "node": ">=18"
      }
    },
    "node_modules/@sapphire/async-queue": {
      "version": "1.5.5",
      "resolved": "https://registry.npmjs.org/@sapphire/async-queue/-/async-queue-1.5.5.tgz",
      "integrity": "sha512-K6I9m6mR5cld0N5vnx1Uokd3fauifkEcqAGU5cUCJ3zP8B1a2c6oW5s9P8R7V1C4tZc9prnZ7ZTFqOORC5htJcw==",
      "engines": {
        "node": ">=14.0.0"
      }
    },
    "node_modules/@sapphire/shapeshift": {
      "version": "4.0.0",
      "resolved": "https://registry.npmjs.org/@sapphire/shapeshift/-/shapeshift-4.0.0.tgz",
      "integrity": "sha512-dwaOfK1V8V0K9V4fI33T9yQ6KX9uW6V7YdXyaENv0Z1mqp1gsM4rL0o7z7xqbWellBsY54vuzQ1r8K0JNh/6qA==",
      "engines": {
        "node": ">=v18"
      }
    },
    "node_modules/@sapphire/snowflake": {
      "version": "3.5.5",
      "resolved": "https://registry.npmjs.org/@sapphire/snowflake/-/snowflake-3.5.5.tgz",
      "integrity": "sha512-2s8w7k9dBnVsc1X0M8o5vb1tH7pXbIRnR6l1l0Yq1+z0m6gJ6mH9u9GTr8RnkZW9xBtMLfZ1s4eY7x6KJiPjaQ==",
      "engines": {
        "node": ">=v14"
      }
    },
    "node_modules/@types/node": {
      "version": "24.10.1",
      "resolved": "https://registry.npmjs.org/@types/node/-/node-24.10.1.tgz",
      "integrity": "sha512-d1Vf5C0L2hR8qb1qS7m7o2wTkLoB3mRk8FRd1D5D4G1INk8XUUM4cFPxi+1O3hepxWpsxcV6GhlA2AZtr1AAg=="
    },
    "node_modules/@types/ws": {
      "version": "8.18.1",
      "resolved": "https://registry.npmjs.org/@types/ws/-/ws-8.18.1.tgz",
      "integrity": "sha512-Fx7YdztwY0zL8fzMnxmx9v1q0Qf0o9vN5b6wTbZ78fCN8pO1IUxE2nyuaD7j4P4aL8w8Jldd8K8rYv9d9M3oSA==",
      "dependencies": {
        "@types/node": "*"
      }
    },
    "node_modules/@vladfrangu/async_event_emitter": {
      "version": "2.4.7",
      "resolved": "https://registry.npmjs.org/@vladfrangu/async_event_emitter/-/async_event_emitter-2.4.7.tgz",
      "integrity": "sha512-wv9WjN5/dGFF4cww0X7d3z6vB0X2f1nS2fnqR2RrwOyK5d7DabYm/R3u2krW4cL5ZAp5Yol8m0Xg0yNUd0maA==",
      "engines": {
        "node": ">=v14.0.0",
        "npm": ">=7.0.0"
      }
    },
    "node_modules/discord-api-types": {
      "version": "0.38.34",
      "resolved": "https://registry.npmjs.org/discord-api-types/-/discord-api-types-0.38.34.tgz",
      "integrity": "sha512-2q0aT9gLJhDqTq0X0D5Vv2F9g9X3B0x3peZFDKppEwuPXNFcT5zrfT5rG1H+5c0p+4VJyV2r9dQd3fGr9YhYQ=="
    },
    "node_modules/discord.js": {
      "version": "14.16.3",
      "resolved": "https://registry.npmjs.org/discord.js/-/discord.js-14.16.3.tgz",
      "integrity": "sha512-9W1e6C9xit6mof6bF5cFz6nJoxxrG7K6q8w9bIZK9ZI0mLafFh6w4xnb3xH5IXN0V9C0y/TnBTyBTPs9dL1k9w==",
      "dependencies": {
        "@discordjs/builders": "^1.13.0",
        "@discordjs/collection": "2.1.1",
        "@discordjs/formatters": "^0.6.2",
        "@discordjs/rest": "^2.6.0",
        "@discordjs/util": "^1.2.0",
        "@discordjs/ws": "^1.2.0",
        "@sapphire/snowflake": "3.5.5",
        "@types/ws": "8.18.1",
        "lodash": "^4.17.21",
        "undici": "6.21.3",
        "ws": "8.18.3"
      },
      "engines": {
        "node": ">=18"
      }
    },
    "node_modules/fast-deep-equal": {
      "version": "3.1.3",
      "resolved": "https://registry.npmjs.org/fast-deep-equal/-/fast-deep-equal-3.1.3.tgz",
      "integrity": "sha512-f3qQ9oQy9j2ahREQ7rp6SdO0D7XfIZ2cF9hQaqD4fFHvdEPiHB3eM5f5u9m/7bP+I+/mxxV6lQdTD8XaixYPA=="
    },
    "node_modules/lodash": {
      "version": "4.17.21",
      "resolved": "https://registry.npmjs.org/lodash/-/lodash-4.17.21.tgz",
      "integrity": "sha512-v2kDEe57lecTulaDIuNTPy3Ry4gLGJ6Z1O3vE1krgXZNrsQ+LFTGHVxVjcXPs17LhbZVGedAJv8XZ1tvj5FvSg=="
    },
    "node_modules/magic-bytes.js": {
      "version": "1.12.1",
      "resolved": "https://registry.npmjs.org/magic-bytes.js/-/magic-bytes.js-1.12.1.tgz",
      "integrity": "sha512-hA9Cv3Mqu0gRoL4QVV5eV6LPnI3CS3c9dCtJRSQv1m5p0Z7V2fA0p5/+NI2pc4VRH8KyNCF9h5cDyw0kJqaoqQ=="
    },
    "node_modules/ts-mixer": {
      "version": "6.0.4",
      "resolved": "https://registry.npmjs.org/ts-mixer/-/ts-mixer-6.0.4.tgz",
      "integrity": "sha512-ufFpLOcA5BLiS6Cu3Wg7q9obIcp4tEZvFmZC9tZhwA+Iq2hZ7I5Qe0X9mXLSqXnlC8tM8X+4e9gW7YfSYLp4WA=="
    },
    "node_modules/tslib": {
      "version": "2.8.1",
      "resolved": "https://registry.npmjs.org/tslib/-/tslib-2.8.1.tgz",
      "integrity": "sha512呱J8LEw0qQ8FpK7br2Kt7Rq4nCVtZJIpGURZd9mRie4k9u9z3eS3h7X7mT2B9hGoIK1X4iU3kMhK3YbJ9OC4w=="
    },
    "node_modules/undici": {
      "version": "6.21.3",
      "resolved": "https://registry.npmjs.org/undici/-/undici-6.21.3.tgz",
      "integrity": "sha512-8c44Jc+qsvbc+oP5m2p8iIvgA7fI8gY3Xtz6f/0d8b5u+ovlLcw9o8oG4o0hfyVJIKF5o1EN1VDhQtw1TDg=="
    },
    "node_modules/undici-types": {
      "version": "7.16.0",
      "resolved": "https://registry.npmjs.org/undici-types/-/undici-types-7.16.0.tgz",
      "integrity": "sha512-IclvRvz0jJdFQSF6hvewLm9F0bux7o2Zrc9ELzWh0c7BdG4R1UItH0iIYZC0o2lVUb9f1o4V8o8uSurUx9Zhw=="
    },
    "node_modules/ws": {
      "version": "8.18.3",
      "resolved": "https://registry.npmjs.org/ws/-/ws-8.18.3.tgz",
      "integrity": "sha512-vw7fZUrWO+1kk8VsuKj9X5j3F4piT2t1eEZiV2V8eF4mU7Zw5cPnRzl4F0tC2jOou9kA4DUf/X5hN8c0og4oA==",
      "engines": {
        "node": ">=10.0.0"
      },
      "peerDependencies": {
        "bufferutil": "^4.0.1",
        "utf-8-validate": ">=5.0.2"
      },
      "peerDependenciesMeta": {
        "bufferutil": {
          "optional": true
        },
        "utf-8-validate": {
          "optional": true
        }
      }
    },
    "node_modules/xml2js": {
      "version": "0.6.2",
      "resolved": "https://registry.npmjs.org/xml2js/-/xml2js-0.6.2.tgz",
      "integrity": "sha512-T0dTr6S3vuL5Kk9f9L9ZBAkCzLiHSMKQwrK6h1p6kwL8Bt+cR5MuQhuJ4iJ4oJjxvvlk1wWvDcO0qnsG2qbcw==",
      "dependencies": {
        "sax": ">=0.6.0",
        "xmlbuilder": "~11.0.0"
      },
      "engines": {
        "node": ">=4.0.0"
      }
    },
    "node_modules/xmlbuilder": {
      "version": "11.0.1",
      "resolved": "https://registry.npmjs.org/xmlbuilder/-/xmlbuilder-11.0.1.tgz",
      "integrity": "sha512-fDlsSpA8bKL/k4c7eIeQ3CWcM3eTYOvF1rdv8k9yT6RpXbJIN+3nY4qJqHj3LUcsiY3c5hWvwKc9c3sNy1nBA==",
      "engines": {
        "node": ">=4.0"
      }
    },
    "node_modules/sax": {
      "version": "1.4.1",
      "resolved": "https://registry.npmjs.org/sax/-/sax-1.4.1.tgz",
      "integrity": "sha512-+KNfM7W9fB8w9ZD9iG0cX7dRxvWpiRk4jf4t5rE4tJ4Zp0q3Wp7vcdGB5dBhhBMtM8C0iAMyY4cV7p3Pv6dA=="
    }
  }
}
