{
  "name": "discord-rbxm-to-lua-converter",
  "version": "1.0.0",
  "lockfileVersion": 3,
  "requires": true,
  "packages": {
    "": {
      "name": "discord-rbxm-to-lua-converter",
      "version": "1.0.0",
      "license": "MIT",
      "dependencies": {
        "discord.js": "^14.16.3",
        "xml2js": "^0.6.2"
      }
    },
    "node_modules/discord.js": {
      "version": "14.16.3",
      "resolved": "https://registry.npmjs.org/discord.js/-/discord.js-14.16.3.tgz",
      "integrity": "sha512... (long hash) ...",
      "dependencies": {
        "@discordjs/builders": "^1.9.0",
        "@discordjs/collection": "^2.0.0",
        "@discordjs/rest": "^2.4.0",
        "@sapphire/snowflake": "^3.5.3",
        "@types/ws": "^8.5.12",
        "undici": "6.20.1",
        "ws": "^8.18.0"
      }
    },
    "node_modules/xml2js": {
      "version": "0.6.2",
      "resolved": "https://registry.npmjs.org/xml2js/-/xml2js-0.6.2.tgz",
      "integrity": "sha512-l3dLyxgOEEqyzFMNJFOlN/3K6w==="
    }
  }
}
